
Microsoft Visual Studio Solution File, Format Version 12.00
# Visual Studio Version 17
VisualStudioVersion = 17.14.36414.22
MinimumVisualStudioVersion = 10.0.40219.1
Project("{FAE04EC0-301F-11D3-BF4B-00C04F79EFBC}") = "Ams.Media.Web", "Ams.Media.Web.csproj", "{96B05CCC-3176-9CA7-AD1C-86F3E33676B2}"
EndProject
Global
	GlobalSection(SolutionConfigurationPlatforms) = preSolution
		Debug|Any CPU = Debug|Any CPU
		Release|Any CPU = Release|Any CPU
	EndGlobalSection
	GlobalSection(ProjectConfigurationPlatforms) = postSolution
		{96B05CCC-3176-9CA7-AD1C-86F3E33676B2}.Debug|Any CPU.ActiveCfg = Debug|Any CPU
		{96B05CCC-3176-9CA7-AD1C-86F3E33676B2}.Debug|Any CPU.Build.0 = Debug|Any CPU
		{96B05CCC-3176-9CA7-AD1C-86F3E33676B2}.Release|Any CPU.ActiveCfg = Release|Any CPU
		{96B05CCC-3176-9CA7-AD1C-86F3E33676B2}.Release|Any CPU.Build.0 = Release|Any CPU
	EndGlobalSection
	GlobalSection(SolutionProperties) = preSolution
		HideSolutionNode = FALSE
	EndGlobalSection
	GlobalSection(ExtensibilityGlobals) = postSolution
		SolutionGuid = {8FCE4981-C419-49E4-AFA9-155B529025F1}
	EndGlobalSection
EndGlobal
